
Microsoft Visual Studio Solution File, Format Version 12.00
# Visual Studio Version 17
VisualStudioVersion = 17.11.35312.102
MinimumVisualStudioVersion = 10.0.40219.1
Project("{2150E333-8FDC-42A3-9474-1A3956D46DE8}") = "Task0", "Task0", "{F24A06B9-B7E9-4540-AD6F-6ED1BE8B6732}"
EndProject
Project("{FAE04EC0-301F-11D3-BF4B-00C04F79EFBC}") = "Tyuiu.KhuzinaDR.Sprint3.Task0.V11", "Tyuiu,KhuzinaDR.Sprint3.Task0.V11\Tyuiu.KhuzinaDR.Sprint3.Task0.V11.csproj", "{BFAA5D02-6441-4712-8FCE-8B8AFDBB1837}"
EndProject
Project("{FAE04EC0-301F-11D3-BF4B-00C04F79EFBC}") = "Tyuiu.KhuzinaDR.Sprint3.Task0.V11.Test", "Tyuiu.KhuzinaDR.Sprint3.Task0.V11.Test\Tyuiu.KhuzinaDR.Sprint3.Task0.V11.Test.csproj", "{52DFF432-0013-4493-B541-B476C0EA788E}"
EndProject
Project("{FAE04EC0-301F-11D3-BF4B-00C04F79EFBC}") = "Tyuiu.KhuzinaDR.Sprint3.Task0.V11.Lib", "Tyuiu.KhuzinaDR.Sprint3.Task0.V11.Lib\Tyuiu.KhuzinaDR.Sprint3.Task0.V11.Lib.csproj", "{26F77236-44B1-4690-8E58-D1F490102326}"
EndProject
Project("{2150E333-8FDC-42A3-9474-1A3956D46DE8}") = "Task1", "Task1", "{04E2E221-FCBF-4AFE-9241-68EEA9A35652}"
EndProject
Project("{FAE04EC0-301F-11D3-BF4B-00C04F79EFBC}") = "Tyuiu.KhuzinaDR.Sprint3.Task1.V30", "Tyuiu.KhuzinaDR.Sprint3.Task1.V30\Tyuiu.KhuzinaDR.Sprint3.Task1.V30.csproj", "{47F94897-A638-469E-95F9-FF45BE3E8943}"
EndProject
Project("{FAE04EC0-301F-11D3-BF4B-00C04F79EFBC}") = "Tyuiu.KhuzinaDR.Sprint3.Task1.V30.Lib", "Tyuiu.KhuzinaDR.Sprint3.Task1.V30.Lib\Tyuiu.KhuzinaDR.Sprint3.Task1.V30.Lib.csproj", "{A5BEB2C3-9F81-4A7B-93D5-4C12AE485C3A}"
EndProject
Project("{FAE04EC0-301F-11D3-BF4B-00C04F79EFBC}") = "Tyuiu.KhuzinaDR.Sprint3.Task1.V30.Test", "Tyuiu.KhuzinaDR.Sprint3.Task1.V30.Test\Tyuiu.KhuzinaDR.Sprint3.Task1.V30.Test.csproj", "{19FDF8E9-61E6-4D64-89F5-85177BFE4A8C}"
EndProject
Global
	GlobalSection(SolutionConfigurationPlatforms) = preSolution
		Debug|Any CPU = Debug|Any CPU
		Release|Any CPU = Release|Any CPU
	EndGlobalSection
	GlobalSection(ProjectConfigurationPlatforms) = postSolution
		{BFAA5D02-6441-4712-8FCE-8B8AFDBB1837}.Debug|Any CPU.ActiveCfg = Debug|Any CPU
		{BFAA5D02-6441-4712-8FCE-8B8AFDBB1837}.Debug|Any CPU.Build.0 = Debug|Any CPU
		{BFAA5D02-6441-4712-8FCE-8B8AFDBB1837}.Release|Any CPU.ActiveCfg = Release|Any CPU
		{BFAA5D02-6441-4712-8FCE-8B8AFDBB1837}.Release|Any CPU.Build.0 = Release|Any CPU
		{52DFF432-0013-4493-B541-B476C0EA788E}.Debug|Any CPU.ActiveCfg = Debug|Any CPU
		{52DFF432-0013-4493-B541-B476C0EA788E}.Debug|Any CPU.Build.0 = Debug|Any CPU
		{52DFF432-0013-4493-B541-B476C0EA788E}.Release|Any CPU.ActiveCfg = Release|Any CPU
		{52DFF432-0013-4493-B541-B476C0EA788E}.Release|Any CPU.Build.0 = Release|Any CPU
		{26F77236-44B1-4690-8E58-D1F490102326}.Debug|Any CPU.ActiveCfg = Debug|Any CPU
		{26F77236-44B1-4690-8E58-D1F490102326}.Debug|Any CPU.Build.0 = Debug|Any CPU
		{26F77236-44B1-4690-8E58-D1F490102326}.Release|Any CPU.ActiveCfg = Release|Any CPU
		{26F77236-44B1-4690-8E58-D1F490102326}.Release|Any CPU.Build.0 = Release|Any CPU
		{47F94897-A638-469E-95F9-FF45BE3E8943}.Debug|Any CPU.ActiveCfg = Debug|Any CPU
		{47F94897-A638-469E-95F9-FF45BE3E8943}.Debug|Any CPU.Build.0 = Debug|Any CPU
		{47F94897-A638-469E-95F9-FF45BE3E8943}.Release|Any CPU.ActiveCfg = Release|Any CPU
		{47F94897-A638-469E-95F9-FF45BE3E8943}.Release|Any CPU.Build.0 = Release|Any CPU
		{A5BEB2C3-9F81-4A7B-93D5-4C12AE485C3A}.Debug|Any CPU.ActiveCfg = Debug|Any CPU
		{A5BEB2C3-9F81-4A7B-93D5-4C12AE485C3A}.Debug|Any CPU.Build.0 = Debug|Any CPU
		{A5BEB2C3-9F81-4A7B-93D5-4C12AE485C3A}.Release|Any CPU.ActiveCfg = Release|Any CPU
		{A5BEB2C3-9F81-4A7B-93D5-4C12AE485C3A}.Release|Any CPU.Build.0 = Release|Any CPU
		{19FDF8E9-61E6-4D64-89F5-85177BFE4A8C}.Debug|Any CPU.ActiveCfg = Debug|Any CPU
		{19FDF8E9-61E6-4D64-89F5-85177BFE4A8C}.Debug|Any CPU.Build.0 = Debug|Any CPU
		{19FDF8E9-61E6-4D64-89F5-85177BFE4A8C}.Release|Any CPU.ActiveCfg = Release|Any CPU
		{19FDF8E9-61E6-4D64-89F5-85177BFE4A8C}.Release|Any CPU.Build.0 = Release|Any CPU
	EndGlobalSection
	GlobalSection(SolutionProperties) = preSolution
		HideSolutionNode = FALSE
	EndGlobalSection
	GlobalSection(NestedProjects) = preSolution
		{BFAA5D02-6441-4712-8FCE-8B8AFDBB1837} = {F24A06B9-B7E9-4540-AD6F-6ED1BE8B6732}
		{52DFF432-0013-4493-B541-B476C0EA788E} = {F24A06B9-B7E9-4540-AD6F-6ED1BE8B6732}
		{26F77236-44B1-4690-8E58-D1F490102326} = {F24A06B9-B7E9-4540-AD6F-6ED1BE8B6732}
		{47F94897-A638-469E-95F9-FF45BE3E8943} = {04E2E221-FCBF-4AFE-9241-68EEA9A35652}
		{A5BEB2C3-9F81-4A7B-93D5-4C12AE485C3A} = {04E2E221-FCBF-4AFE-9241-68EEA9A35652}
		{19FDF8E9-61E6-4D64-89F5-85177BFE4A8C} = {04E2E221-FCBF-4AFE-9241-68EEA9A35652}
	EndGlobalSection
	GlobalSection(ExtensibilityGlobals) = postSolution
		SolutionGuid = {D9097260-9EBC-485D-8CA1-086BB31383AB}
	EndGlobalSection
EndGlobal
