
Microsoft Visual Studio Solution File, Format Version 12.00
# Visual Studio Version 17
VisualStudioVersion = 17.11.35312.102
MinimumVisualStudioVersion = 10.0.40219.1
Project("{2150E333-8FDC-42A3-9474-1A3956D46DE8}") = "Task0", "Task0", "{F24A06B9-B7E9-4540-AD6F-6ED1BE8B6732}"
EndProject
Project("{FAE04EC0-301F-11D3-BF4B-00C04F79EFBC}") = "Tyuiu.KhuzinaDR.Sprint3.Task0.V11", "Tyuiu,KhuzinaDR.Sprint3.Task0.V11\Tyuiu.KhuzinaDR.Sprint3.Task0.V11.csproj", "{BFAA5D02-6441-4712-8FCE-8B8AFDBB1837}"
EndProject
Project("{9A19103F-16F7-4668-BE54-9A1E7A4F7556}") = "Tyuiu.KhuzinaDR.Sprint3.Task0.V11.Test", "Tyuiu.KhuzinaDR.Sprint3.Task0.V11.Test\Tyuiu.KhuzinaDR.Sprint3.Task0.V11.Test.csproj", "{52DFF432-0013-4493-B541-B476C0EA788E}"
EndProject
Project("{9A19103F-16F7-4668-BE54-9A1E7A4F7556}") = "Tyuiu.KhuzinaDR.Sprint3.Task0.V11.Lib", "Tyuiu.KhuzinaDR.Sprint3.Task0.V11.Lib\Tyuiu.KhuzinaDR.Sprint3.Task0.V11.Lib.csproj", "{26F77236-44B1-4690-8E58-D1F490102326}"
EndProject
Project("{2150E333-8FDC-42A3-9474-1A3956D46DE8}") = "Task1", "Task1", "{04E2E221-FCBF-4AFE-9241-68EEA9A35652}"
EndProject
Project("{9A19103F-16F7-4668-BE54-9A1E7A4F7556}") = "Tyuiu.KhuzinaDR.Sprint3.Task1.V30", "Tyuiu.KhuzinaDR.Sprint3.Task1.V30\Tyuiu.KhuzinaDR.Sprint3.Task1.V30.csproj", "{47F94897-A638-469E-95F9-FF45BE3E8943}"
EndProject
Project("{9A19103F-16F7-4668-BE54-9A1E7A4F7556}") = "Tyuiu.KhuzinaDR.Sprint3.Task1.V30.Lib", "Tyuiu.KhuzinaDR.Sprint3.Task1.V30.Lib\Tyuiu.KhuzinaDR.Sprint3.Task1.V30.Lib.csproj", "{A5BEB2C3-9F81-4A7B-93D5-4C12AE485C3A}"
EndProject
Project("{9A19103F-16F7-4668-BE54-9A1E7A4F7556}") = "Tyuiu.KhuzinaDR.Sprint3.Task1.V30.Test", "Tyuiu.KhuzinaDR.Sprint3.Task1.V30.Test\Tyuiu.KhuzinaDR.Sprint3.Task1.V30.Test.csproj", "{19FDF8E9-61E6-4D64-89F5-85177BFE4A8C}"
EndProject
Project("{2150E333-8FDC-42A3-9474-1A3956D46DE8}") = "Task2", "Task2", "{48B4D2A3-C99D-4DC1-9D63-43BB785E14DF}"
EndProject
Project("{9A19103F-16F7-4668-BE54-9A1E7A4F7556}") = "Tyuiu.KhuzinaDR.Sprint3.Task2.V13", "Tyuiu.KhuzinaDR.Sprint3.Task2.V13\Tyuiu.KhuzinaDR.Sprint3.Task2.V13.csproj", "{74081C68-C045-40CE-BDC6-782A17A0E330}"
EndProject
Project("{9A19103F-16F7-4668-BE54-9A1E7A4F7556}") = "Tyuiu.KhuzinaDR.Sprint3.Task2.V13.Lib", "Tyuiu.KhuzinaDR.Sprint3.Task2.V13.Lib\Tyuiu.KhuzinaDR.Sprint3.Task2.V13.Lib.csproj", "{1F65856F-7138-41E6-9A1B-42651ABEB2FF}"
EndProject
Project("{9A19103F-16F7-4668-BE54-9A1E7A4F7556}") = "Tyuiu.KhuzinaDR.Sprint3.Task2.V13.Test", "Tyuiu.KhuzinaDR.Sprint3.Task2.V13.Test\Tyuiu.KhuzinaDR.Sprint3.Task2.V13.Test.csproj", "{0924DCAD-019C-409A-A74B-BEC49D71CCF9}"
EndProject
Project("{2150E333-8FDC-42A3-9474-1A3956D46DE8}") = "Task3", "Task3", "{D7AC2E94-1A9F-4D5C-B1E8-495454E8E7DE}"
EndProject
Project("{9A19103F-16F7-4668-BE54-9A1E7A4F7556}") = "Tyuiu.KhuzinaDR.Sprint3.Task3.V8", "Tyuiu.KhuzinaDR.Sprint3.Task3.V8\Tyuiu.KhuzinaDR.Sprint3.Task3.V8.csproj", "{7E21321E-0782-4BE1-9589-A979A02EFC75}"
EndProject
Project("{9A19103F-16F7-4668-BE54-9A1E7A4F7556}") = "Tyuiu.KhuzinaDR.Sprint3.Task3.V8.Lib", "Tyuiu.KhuzinaDR.Sprint3.Task3.V8.Lib\Tyuiu.KhuzinaDR.Sprint3.Task3.V8.Lib.csproj", "{36C96C0C-433D-4FF4-9C5A-8445FAE6534A}"
EndProject
Project("{9A19103F-16F7-4668-BE54-9A1E7A4F7556}") = "Tyuiu.KhuzinaDR.Sprint3.Task3.V8.Test", "Tyuiu.KhuzinaDR.Sprint3.Task3.V8.Test\Tyuiu.KhuzinaDR.Sprint3.Task3.V8.Test.csproj", "{3A482A80-24C4-43E7-99A4-50607EC5D1C7}"
EndProject
Project("{2150E333-8FDC-42A3-9474-1A3956D46DE8}") = "Task4", "Task4", "{DD2EA73C-6205-4AFD-875D-129F6CFF04E5}"
EndProject
Project("{FAE04EC0-301F-11D3-BF4B-00C04F79EFBC}") = "Tyuiu.KhuzinaDR.Sprint3.Task4.V15", "Tyuiu.KhuzinaDR.Sprint3.Task4.V15\Tyuiu.KhuzinaDR.Sprint3.Task4.V15.csproj", "{9ABB2394-52A2-45E4-8889-6FD81BC3195B}"
EndProject
Project("{FAE04EC0-301F-11D3-BF4B-00C04F79EFBC}") = "Tyuiu.KhuzinaDR.Sprint3.Task4.V15.Lib", "Tyuiu.KhuzinaDR.Sprint3.Task4.V15.Lib\Tyuiu.KhuzinaDR.Sprint3.Task4.V15.Lib.csproj", "{323E074F-0DDE-41EF-A42B-D5745F943AE3}"
EndProject
Project("{FAE04EC0-301F-11D3-BF4B-00C04F79EFBC}") = "Tyuiu.KhuzinaDR.Sprint3.Task4.V15.Test", "Tyuiu.KhuzinaDR.Sprint3.Task4.V15.Test\Tyuiu.KhuzinaDR.Sprint3.Task4.V15.Test.csproj", "{0E8C6FA2-2FB9-4A7C-8111-4380302E99E1}"
EndProject
Project("{2150E333-8FDC-42A3-9474-1A3956D46DE8}") = "Task5", "Task5", "{698462D3-4526-49E7-952C-3B460E90CC81}"
EndProject
Project("{FAE04EC0-301F-11D3-BF4B-00C04F79EFBC}") = "Tyuiu.KhuzinaDR.Sprint3.Task5.V22", "Tyuiu.KhuzinaDR.Sprint3.Task5.V22\Tyuiu.KhuzinaDR.Sprint3.Task5.V22.csproj", "{D033593E-AE29-4096-A70C-2B5B0172D55E}"
EndProject
Project("{FAE04EC0-301F-11D3-BF4B-00C04F79EFBC}") = "Tyuiu.KhuzinaDR.Sprint3.Task5.V22.Lib", "Tyuiu.KhuzinaDR.Sprint3.Task5.V22.Lib\Tyuiu.KhuzinaDR.Sprint3.Task5.V22.Lib.csproj", "{038DD82D-476F-4A0B-84E1-CF378564ACDE}"
EndProject
Project("{FAE04EC0-301F-11D3-BF4B-00C04F79EFBC}") = "Tyuiu.KhuzinaDR.Sprint3.Task5.V22.Test", "Tyuiu.KhuzinaDR.Sprint3.Task5.V22.Test\Tyuiu.KhuzinaDR.Sprint3.Task5.V22.Test.csproj", "{B9D8CA1E-028E-44FA-AC43-BDA7CFD3937F}"
EndProject
Global
	GlobalSection(SolutionConfigurationPlatforms) = preSolution
		Debug|Any CPU = Debug|Any CPU
		Release|Any CPU = Release|Any CPU
	EndGlobalSection
	GlobalSection(ProjectConfigurationPlatforms) = postSolution
		{BFAA5D02-6441-4712-8FCE-8B8AFDBB1837}.Debug|Any CPU.ActiveCfg = Debug|Any CPU
		{BFAA5D02-6441-4712-8FCE-8B8AFDBB1837}.Debug|Any CPU.Build.0 = Debug|Any CPU
		{BFAA5D02-6441-4712-8FCE-8B8AFDBB1837}.Release|Any CPU.ActiveCfg = Release|Any CPU
		{BFAA5D02-6441-4712-8FCE-8B8AFDBB1837}.Release|Any CPU.Build.0 = Release|Any CPU
		{52DFF432-0013-4493-B541-B476C0EA788E}.Debug|Any CPU.ActiveCfg = Debug|Any CPU
		{52DFF432-0013-4493-B541-B476C0EA788E}.Debug|Any CPU.Build.0 = Debug|Any CPU
		{52DFF432-0013-4493-B541-B476C0EA788E}.Release|Any CPU.ActiveCfg = Release|Any CPU
		{52DFF432-0013-4493-B541-B476C0EA788E}.Release|Any CPU.Build.0 = Release|Any CPU
		{26F77236-44B1-4690-8E58-D1F490102326}.Debug|Any CPU.ActiveCfg = Debug|Any CPU
		{26F77236-44B1-4690-8E58-D1F490102326}.Debug|Any CPU.Build.0 = Debug|Any CPU
		{26F77236-44B1-4690-8E58-D1F490102326}.Release|Any CPU.ActiveCfg = Release|Any CPU
		{26F77236-44B1-4690-8E58-D1F490102326}.Release|Any CPU.Build.0 = Release|Any CPU
		{47F94897-A638-469E-95F9-FF45BE3E8943}.Debug|Any CPU.ActiveCfg = Debug|Any CPU
		{47F94897-A638-469E-95F9-FF45BE3E8943}.Debug|Any CPU.Build.0 = Debug|Any CPU
		{47F94897-A638-469E-95F9-FF45BE3E8943}.Release|Any CPU.ActiveCfg = Release|Any CPU
		{47F94897-A638-469E-95F9-FF45BE3E8943}.Release|Any CPU.Build.0 = Release|Any CPU
		{A5BEB2C3-9F81-4A7B-93D5-4C12AE485C3A}.Debug|Any CPU.ActiveCfg = Debug|Any CPU
		{A5BEB2C3-9F81-4A7B-93D5-4C12AE485C3A}.Debug|Any CPU.Build.0 = Debug|Any CPU
		{A5BEB2C3-9F81-4A7B-93D5-4C12AE485C3A}.Release|Any CPU.ActiveCfg = Release|Any CPU
		{A5BEB2C3-9F81-4A7B-93D5-4C12AE485C3A}.Release|Any CPU.Build.0 = Release|Any CPU
		{19FDF8E9-61E6-4D64-89F5-85177BFE4A8C}.Debug|Any CPU.ActiveCfg = Debug|Any CPU
		{19FDF8E9-61E6-4D64-89F5-85177BFE4A8C}.Debug|Any CPU.Build.0 = Debug|Any CPU
		{19FDF8E9-61E6-4D64-89F5-85177BFE4A8C}.Release|Any CPU.ActiveCfg = Release|Any CPU
		{19FDF8E9-61E6-4D64-89F5-85177BFE4A8C}.Release|Any CPU.Build.0 = Release|Any CPU
		{74081C68-C045-40CE-BDC6-782A17A0E330}.Debug|Any CPU.ActiveCfg = Debug|Any CPU
		{74081C68-C045-40CE-BDC6-782A17A0E330}.Debug|Any CPU.Build.0 = Debug|Any CPU
		{74081C68-C045-40CE-BDC6-782A17A0E330}.Release|Any CPU.ActiveCfg = Release|Any CPU
		{74081C68-C045-40CE-BDC6-782A17A0E330}.Release|Any CPU.Build.0 = Release|Any CPU
		{1F65856F-7138-41E6-9A1B-42651ABEB2FF}.Debug|Any CPU.ActiveCfg = Debug|Any CPU
		{1F65856F-7138-41E6-9A1B-42651ABEB2FF}.Debug|Any CPU.Build.0 = Debug|Any CPU
		{1F65856F-7138-41E6-9A1B-42651ABEB2FF}.Release|Any CPU.ActiveCfg = Release|Any CPU
		{1F65856F-7138-41E6-9A1B-42651ABEB2FF}.Release|Any CPU.Build.0 = Release|Any CPU
		{0924DCAD-019C-409A-A74B-BEC49D71CCF9}.Debug|Any CPU.ActiveCfg = Debug|Any CPU
		{0924DCAD-019C-409A-A74B-BEC49D71CCF9}.Debug|Any CPU.Build.0 = Debug|Any CPU
		{0924DCAD-019C-409A-A74B-BEC49D71CCF9}.Release|Any CPU.ActiveCfg = Release|Any CPU
		{0924DCAD-019C-409A-A74B-BEC49D71CCF9}.Release|Any CPU.Build.0 = Release|Any CPU
		{7E21321E-0782-4BE1-9589-A979A02EFC75}.Debug|Any CPU.ActiveCfg = Debug|Any CPU
		{7E21321E-0782-4BE1-9589-A979A02EFC75}.Debug|Any CPU.Build.0 = Debug|Any CPU
		{7E21321E-0782-4BE1-9589-A979A02EFC75}.Release|Any CPU.ActiveCfg = Release|Any CPU
		{7E21321E-0782-4BE1-9589-A979A02EFC75}.Release|Any CPU.Build.0 = Release|Any CPU
		{36C96C0C-433D-4FF4-9C5A-8445FAE6534A}.Debug|Any CPU.ActiveCfg = Debug|Any CPU
		{36C96C0C-433D-4FF4-9C5A-8445FAE6534A}.Debug|Any CPU.Build.0 = Debug|Any CPU
		{36C96C0C-433D-4FF4-9C5A-8445FAE6534A}.Release|Any CPU.ActiveCfg = Release|Any CPU
		{36C96C0C-433D-4FF4-9C5A-8445FAE6534A}.Release|Any CPU.Build.0 = Release|Any CPU
		{3A482A80-24C4-43E7-99A4-50607EC5D1C7}.Debug|Any CPU.ActiveCfg = Debug|Any CPU
		{3A482A80-24C4-43E7-99A4-50607EC5D1C7}.Debug|Any CPU.Build.0 = Debug|Any CPU
		{3A482A80-24C4-43E7-99A4-50607EC5D1C7}.Release|Any CPU.ActiveCfg = Release|Any CPU
		{3A482A80-24C4-43E7-99A4-50607EC5D1C7}.Release|Any CPU.Build.0 = Release|Any CPU
		{9ABB2394-52A2-45E4-8889-6FD81BC3195B}.Debug|Any CPU.ActiveCfg = Debug|Any CPU
		{9ABB2394-52A2-45E4-8889-6FD81BC3195B}.Debug|Any CPU.Build.0 = Debug|Any CPU
		{9ABB2394-52A2-45E4-8889-6FD81BC3195B}.Release|Any CPU.ActiveCfg = Release|Any CPU
		{9ABB2394-52A2-45E4-8889-6FD81BC3195B}.Release|Any CPU.Build.0 = Release|Any CPU
		{323E074F-0DDE-41EF-A42B-D5745F943AE3}.Debug|Any CPU.ActiveCfg = Debug|Any CPU
		{323E074F-0DDE-41EF-A42B-D5745F943AE3}.Debug|Any CPU.Build.0 = Debug|Any CPU
		{323E074F-0DDE-41EF-A42B-D5745F943AE3}.Release|Any CPU.ActiveCfg = Release|Any CPU
		{323E074F-0DDE-41EF-A42B-D5745F943AE3}.Release|Any CPU.Build.0 = Release|Any CPU
		{0E8C6FA2-2FB9-4A7C-8111-4380302E99E1}.Debug|Any CPU.ActiveCfg = Debug|Any CPU
		{0E8C6FA2-2FB9-4A7C-8111-4380302E99E1}.Debug|Any CPU.Build.0 = Debug|Any CPU
		{0E8C6FA2-2FB9-4A7C-8111-4380302E99E1}.Release|Any CPU.ActiveCfg = Release|Any CPU
		{0E8C6FA2-2FB9-4A7C-8111-4380302E99E1}.Release|Any CPU.Build.0 = Release|Any CPU
		{D033593E-AE29-4096-A70C-2B5B0172D55E}.Debug|Any CPU.ActiveCfg = Debug|Any CPU
		{D033593E-AE29-4096-A70C-2B5B0172D55E}.Debug|Any CPU.Build.0 = Debug|Any CPU
		{D033593E-AE29-4096-A70C-2B5B0172D55E}.Release|Any CPU.ActiveCfg = Release|Any CPU
		{D033593E-AE29-4096-A70C-2B5B0172D55E}.Release|Any CPU.Build.0 = Release|Any CPU
		{038DD82D-476F-4A0B-84E1-CF378564ACDE}.Debug|Any CPU.ActiveCfg = Debug|Any CPU
		{038DD82D-476F-4A0B-84E1-CF378564ACDE}.Debug|Any CPU.Build.0 = Debug|Any CPU
		{038DD82D-476F-4A0B-84E1-CF378564ACDE}.Release|Any CPU.ActiveCfg = Release|Any CPU
		{038DD82D-476F-4A0B-84E1-CF378564ACDE}.Release|Any CPU.Build.0 = Release|Any CPU
		{B9D8CA1E-028E-44FA-AC43-BDA7CFD3937F}.Debug|Any CPU.ActiveCfg = Debug|Any CPU
		{B9D8CA1E-028E-44FA-AC43-BDA7CFD3937F}.Debug|Any CPU.Build.0 = Debug|Any CPU
		{B9D8CA1E-028E-44FA-AC43-BDA7CFD3937F}.Release|Any CPU.ActiveCfg = Release|Any CPU
		{B9D8CA1E-028E-44FA-AC43-BDA7CFD3937F}.Release|Any CPU.Build.0 = Release|Any CPU
	EndGlobalSection
	GlobalSection(SolutionProperties) = preSolution
		HideSolutionNode = FALSE
	EndGlobalSection
	GlobalSection(NestedProjects) = preSolution
		{BFAA5D02-6441-4712-8FCE-8B8AFDBB1837} = {F24A06B9-B7E9-4540-AD6F-6ED1BE8B6732}
		{52DFF432-0013-4493-B541-B476C0EA788E} = {F24A06B9-B7E9-4540-AD6F-6ED1BE8B6732}
		{26F77236-44B1-4690-8E58-D1F490102326} = {F24A06B9-B7E9-4540-AD6F-6ED1BE8B6732}
		{47F94897-A638-469E-95F9-FF45BE3E8943} = {04E2E221-FCBF-4AFE-9241-68EEA9A35652}
		{A5BEB2C3-9F81-4A7B-93D5-4C12AE485C3A} = {04E2E221-FCBF-4AFE-9241-68EEA9A35652}
		{19FDF8E9-61E6-4D64-89F5-85177BFE4A8C} = {04E2E221-FCBF-4AFE-9241-68EEA9A35652}
		{74081C68-C045-40CE-BDC6-782A17A0E330} = {48B4D2A3-C99D-4DC1-9D63-43BB785E14DF}
		{1F65856F-7138-41E6-9A1B-42651ABEB2FF} = {48B4D2A3-C99D-4DC1-9D63-43BB785E14DF}
		{0924DCAD-019C-409A-A74B-BEC49D71CCF9} = {48B4D2A3-C99D-4DC1-9D63-43BB785E14DF}
		{7E21321E-0782-4BE1-9589-A979A02EFC75} = {D7AC2E94-1A9F-4D5C-B1E8-495454E8E7DE}
		{36C96C0C-433D-4FF4-9C5A-8445FAE6534A} = {D7AC2E94-1A9F-4D5C-B1E8-495454E8E7DE}
		{3A482A80-24C4-43E7-99A4-50607EC5D1C7} = {D7AC2E94-1A9F-4D5C-B1E8-495454E8E7DE}
		{9ABB2394-52A2-45E4-8889-6FD81BC3195B} = {DD2EA73C-6205-4AFD-875D-129F6CFF04E5}
		{323E074F-0DDE-41EF-A42B-D5745F943AE3} = {DD2EA73C-6205-4AFD-875D-129F6CFF04E5}
		{0E8C6FA2-2FB9-4A7C-8111-4380302E99E1} = {DD2EA73C-6205-4AFD-875D-129F6CFF04E5}
		{D033593E-AE29-4096-A70C-2B5B0172D55E} = {698462D3-4526-49E7-952C-3B460E90CC81}
		{038DD82D-476F-4A0B-84E1-CF378564ACDE} = {698462D3-4526-49E7-952C-3B460E90CC81}
		{B9D8CA1E-028E-44FA-AC43-BDA7CFD3937F} = {698462D3-4526-49E7-952C-3B460E90CC81}
	EndGlobalSection
	GlobalSection(ExtensibilityGlobals) = postSolution
		SolutionGuid = {D9097260-9EBC-485D-8CA1-086BB31383AB}
	EndGlobalSection
EndGlobal
